// !$*UTF8*$!
{
	archiveVersion = 1;
	classes = {
	};
	objectVersion = 56;
	objects = {

/* Begin PBXBuildFile section */
		2949A8362B59FE800087FEF1 /* AppDelegate.swift in Sources */ = {isa = PBXBuildFile; fileRef = 2949A8352B59FE800087FEF1 /* AppDelegate.swift */; };
		2949A8382B59FE800087FEF1 /* SceneDelegate.swift in Sources */ = {isa = PBXBuildFile; fileRef = 2949A8372B59FE800087FEF1 /* SceneDelegate.swift */; };
		2949A83D2B59FE800087FEF1 /* Main.storyboard in Resources */ = {isa = PBXBuildFile; fileRef = 2949A83B2B59FE800087FEF1 /* Main.storyboard */; };
		2949A83F2B59FE820087FEF1 /* Assets.xcassets in Resources */ = {isa = PBXBuildFile; fileRef = 2949A83E2B59FE820087FEF1 /* Assets.xcassets */; };
		2949A8422B59FE820087FEF1 /* LaunchScreen.storyboard in Resources */ = {isa = PBXBuildFile; fileRef = 2949A8402B59FE820087FEF1 /* LaunchScreen.storyboard */; };
		2949A8532B5AB9AA0087FEF1 /* LoginView.swift in Sources */ = {isa = PBXBuildFile; fileRef = 2949A8522B5AB9AA0087FEF1 /* LoginView.swift */; };
		2949A8552B5AB9BD0087FEF1 /* LoginViewController.swift in Sources */ = {isa = PBXBuildFile; fileRef = 2949A8542B5AB9BD0087FEF1 /* LoginViewController.swift */; };
		299550D12B5FE82A000F1D51 /* GetStartedView.swift in Sources */ = {isa = PBXBuildFile; fileRef = 299550D02B5FE82A000F1D51 /* GetStartedView.swift */; };
		299550D32B5FE845000F1D51 /* GetStartedViewController.swift in Sources */ = {isa = PBXBuildFile; fileRef = 299550D22B5FE845000F1D51 /* GetStartedViewController.swift */; };
		29A8BA232B6003C200238C97 /* Util.swift in Sources */ = {isa = PBXBuildFile; fileRef = 29A8BA222B6003C200238C97 /* Util.swift */; };
		29A8BA262B6017F700238C97 /* RegisterView.swift in Sources */ = {isa = PBXBuildFile; fileRef = 29A8BA252B6017F700238C97 /* RegisterView.swift */; };
		29A8BA282B60180A00238C97 /* RegisterViewController.swift in Sources */ = {isa = PBXBuildFile; fileRef = 29A8BA272B60180A00238C97 /* RegisterViewController.swift */; };
		29A8BA2B2B60219D00238C97 /* ListView.swift in Sources */ = {isa = PBXBuildFile; fileRef = 29A8BA2A2B60219D00238C97 /* ListView.swift */; };
		29A8BA2D2B6021AE00238C97 /* ListViewController.swift in Sources */ = {isa = PBXBuildFile; fileRef = 29A8BA2C2B6021AE00238C97 /* ListViewController.swift */; };
		29B02D932B71652B000DA55C /* KeyboardManager(facade).swift in Sources */ = {isa = PBXBuildFile; fileRef = 29B02D922B71652B000DA55C /* KeyboardManager(facade).swift */; };
/* End PBXBuildFile section */

/* Begin PBXFileReference section */
		2949A8322B59FE800087FEF1 /* MoviesApp.app */ = {isa = PBXFileReference; explicitFileType = wrapper.application; includeInIndex = 0; path = MoviesApp.app; sourceTree = BUILT_PRODUCTS_DIR; };
		2949A8352B59FE800087FEF1 /* AppDelegate.swift */ = {isa = PBXFileReference; lastKnownFileType = sourcecode.swift; path = AppDelegate.swift; sourceTree = "<group>"; };
		2949A8372B59FE800087FEF1 /* SceneDelegate.swift */ = {isa = PBXFileReference; lastKnownFileType = sourcecode.swift; path = SceneDelegate.swift; sourceTree = "<group>"; };
		2949A83C2B59FE800087FEF1 /* Base */ = {isa = PBXFileReference; lastKnownFileType = file.storyboard; name = Base; path = Base.lproj/Main.storyboard; sourceTree = "<group>"; };
		2949A83E2B59FE820087FEF1 /* Assets.xcassets */ = {isa = PBXFileReference; lastKnownFileType = folder.assetcatalog; path = Assets.xcassets; sourceTree = "<group>"; };
		2949A8412B59FE820087FEF1 /* Base */ = {isa = PBXFileReference; lastKnownFileType = file.storyboard; name = Base; path = Base.lproj/LaunchScreen.storyboard; sourceTree = "<group>"; };
		2949A8432B59FE820087FEF1 /* Info.plist */ = {isa = PBXFileReference; lastKnownFileType = text.plist.xml; path = Info.plist; sourceTree = "<group>"; };
		2949A8522B5AB9AA0087FEF1 /* LoginView.swift */ = {isa = PBXFileReference; lastKnownFileType = sourcecode.swift; path = LoginView.swift; sourceTree = "<group>"; };
		2949A8542B5AB9BD0087FEF1 /* LoginViewController.swift */ = {isa = PBXFileReference; lastKnownFileType = sourcecode.swift; path = LoginViewController.swift; sourceTree = "<group>"; };
		299550D02B5FE82A000F1D51 /* GetStartedView.swift */ = {isa = PBXFileReference; lastKnownFileType = sourcecode.swift; path = GetStartedView.swift; sourceTree = "<group>"; };
		299550D22B5FE845000F1D51 /* GetStartedViewController.swift */ = {isa = PBXFileReference; lastKnownFileType = sourcecode.swift; path = GetStartedViewController.swift; sourceTree = "<group>"; };
		29A8BA222B6003C200238C97 /* Util.swift */ = {isa = PBXFileReference; lastKnownFileType = sourcecode.swift; path = Util.swift; sourceTree = "<group>"; };
		29A8BA252B6017F700238C97 /* RegisterView.swift */ = {isa = PBXFileReference; lastKnownFileType = sourcecode.swift; path = RegisterView.swift; sourceTree = "<group>"; };
		29A8BA272B60180A00238C97 /* RegisterViewController.swift */ = {isa = PBXFileReference; lastKnownFileType = sourcecode.swift; path = RegisterViewController.swift; sourceTree = "<group>"; };
		29A8BA2A2B60219D00238C97 /* ListView.swift */ = {isa = PBXFileReference; lastKnownFileType = sourcecode.swift; path = ListView.swift; sourceTree = "<group>"; };
		29A8BA2C2B6021AE00238C97 /* ListViewController.swift */ = {isa = PBXFileReference; lastKnownFileType = sourcecode.swift; path = ListViewController.swift; sourceTree = "<group>"; };
		29B02D922B71652B000DA55C /* KeyboardManager(facade).swift */ = {isa = PBXFileReference; lastKnownFileType = sourcecode.swift; path = "KeyboardManager(facade).swift"; sourceTree = "<group>"; };
/* End PBXFileReference section */

/* Begin PBXFrameworksBuildPhase section */
		2949A82F2B59FE800087FEF1 /* Frameworks */ = {
			isa = PBXFrameworksBuildPhase;
			buildActionMask = 2147483647;
			files = (
			);
			runOnlyForDeploymentPostprocessing = 0;
		};
/* End PBXFrameworksBuildPhase section */

/* Begin PBXGroup section */
		2949A8292B59FE800087FEF1 = {
			isa = PBXGroup;
			children = (
				2949A8342B59FE800087FEF1 /* MoviesApp */,
				2949A8332B59FE800087FEF1 /* Products */,
			);
			sourceTree = "<group>";
		};
		2949A8332B59FE800087FEF1 /* Products */ = {
			isa = PBXGroup;
			children = (
				2949A8322B59FE800087FEF1 /* MoviesApp.app */,
			);
			name = Products;
			sourceTree = "<group>";
		};
		2949A8342B59FE800087FEF1 /* MoviesApp */ = {
			isa = PBXGroup;
			children = (
				29B02D922B71652B000DA55C /* KeyboardManager(facade).swift */,
				29A8BA292B60218800238C97 /* List */,
				29A8BA242B6017E100238C97 /* Register */,
				299550CF2B5FE80A000F1D51 /* Started */,
				2949A8512B5AB9040087FEF1 /* Login */,
				2949A8352B59FE800087FEF1 /* AppDelegate.swift */,
				2949A8372B59FE800087FEF1 /* SceneDelegate.swift */,
				2949A83B2B59FE800087FEF1 /* Main.storyboard */,
				2949A83E2B59FE820087FEF1 /* Assets.xcassets */,
				2949A8402B59FE820087FEF1 /* LaunchScreen.storyboard */,
				2949A8432B59FE820087FEF1 /* Info.plist */,
			);
			path = MoviesApp;
			sourceTree = "<group>";
		};
		2949A8512B5AB9040087FEF1 /* Login */ = {
			isa = PBXGroup;
			children = (
				2949A8522B5AB9AA0087FEF1 /* LoginView.swift */,
				2949A8542B5AB9BD0087FEF1 /* LoginViewController.swift */,
				29A8BA222B6003C200238C97 /* Util.swift */,
			);
			path = Login;
			sourceTree = "<group>";
		};
		299550CF2B5FE80A000F1D51 /* Started */ = {
			isa = PBXGroup;
			children = (
				299550D02B5FE82A000F1D51 /* GetStartedView.swift */,
				299550D22B5FE845000F1D51 /* GetStartedViewController.swift */,
			);
			path = Started;
			sourceTree = "<group>";
		};
		29A8BA242B6017E100238C97 /* Register */ = {
			isa = PBXGroup;
			children = (
				29A8BA252B6017F700238C97 /* RegisterView.swift */,
				29A8BA272B60180A00238C97 /* RegisterViewController.swift */,
			);
			path = Register;
			sourceTree = "<group>";
		};
		29A8BA292B60218800238C97 /* List */ = {
			isa = PBXGroup;
			children = (
				29A8BA2A2B60219D00238C97 /* ListView.swift */,
				29A8BA2C2B6021AE00238C97 /* ListViewController.swift */,
			);
			path = List;
			sourceTree = "<group>";
		};
/* End PBXGroup section */

/* Begin PBXNativeTarget section */
		2949A8312B59FE800087FEF1 /* MoviesApp */ = {
			isa = PBXNativeTarget;
			buildConfigurationList = 2949A8462B59FE820087FEF1 /* Build configuration list for PBXNativeTarget "MoviesApp" */;
			buildPhases = (
				2949A82E2B59FE800087FEF1 /* Sources */,
				2949A82F2B59FE800087FEF1 /* Frameworks */,
				2949A8302B59FE800087FEF1 /* Resources */,
			);
			buildRules = (
			);
			dependencies = (
			);
			name = MoviesApp;
			productName = MoviesApp;
			productReference = 2949A8322B59FE800087FEF1 /* MoviesApp.app */;
			productType = "com.apple.product-type.application";
		};
/* End PBXNativeTarget section */

/* Begin PBXProject section */
		2949A82A2B59FE800087FEF1 /* Project object */ = {
			isa = PBXProject;
			attributes = {
				BuildIndependentTargetsInParallel = 1;
				LastSwiftUpdateCheck = 1520;
				LastUpgradeCheck = 1520;
				TargetAttributes = {
					2949A8312B59FE800087FEF1 = {
						CreatedOnToolsVersion = 15.2;
					};
				};
			};
			buildConfigurationList = 2949A82D2B59FE800087FEF1 /* Build configuration list for PBXProject "MoviesApp" */;
			compatibilityVersion = "Xcode 14.0";
			developmentRegion = en;
			hasScannedForEncodings = 0;
			knownRegions = (
				en,
				Base,
			);
			mainGroup = 2949A8292B59FE800087FEF1;
			productRefGroup = 2949A8332B59FE800087FEF1 /* Products */;
			projectDirPath = "";
			projectRoot = "";
			targets = (
				2949A8312B59FE800087FEF1 /* MoviesApp */,
			);
		};
/* End PBXProject section */

/* Begin PBXResourcesBuildPhase section */
		2949A8302B59FE800087FEF1 /* Resources */ = {
			isa = PBXResourcesBuildPhase;
			buildActionMask = 2147483647;
			files = (
				2949A8422B59FE820087FEF1 /* LaunchScreen.storyboard in Resources */,
				2949A83F2B59FE820087FEF1 /* Assets.xcassets in Resources */,
				2949A83D2B59FE800087FEF1 /* Main.storyboard in Resources */,
			);
			runOnlyForDeploymentPostprocessing = 0;
		};
/* End PBXResourcesBuildPhase section */

/* Begin PBXSourcesBuildPhase section */
		2949A82E2B59FE800087FEF1 /* Sources */ = {
			isa = PBXSourcesBuildPhase;
			buildActionMask = 2147483647;
			files = (
				29A8BA282B60180A00238C97 /* RegisterViewController.swift in Sources */,
				299550D32B5FE845000F1D51 /* GetStartedViewController.swift in Sources */,
				29A8BA2B2B60219D00238C97 /* ListView.swift in Sources */,
				2949A8552B5AB9BD0087FEF1 /* LoginViewController.swift in Sources */,
				2949A8532B5AB9AA0087FEF1 /* LoginView.swift in Sources */,
				29B02D932B71652B000DA55C /* KeyboardManager(facade).swift in Sources */,
				29A8BA2D2B6021AE00238C97 /* ListViewController.swift in Sources */,
				2949A8362B59FE800087FEF1 /* AppDelegate.swift in Sources */,
				29A8BA232B6003C200238C97 /* Util.swift in Sources */,
				29A8BA262B6017F700238C97 /* RegisterView.swift in Sources */,
				2949A8382B59FE800087FEF1 /* SceneDelegate.swift in Sources */,
				299550D12B5FE82A000F1D51 /* GetStartedView.swift in Sources */,
			);
			runOnlyForDeploymentPostprocessing = 0;
		};
/* End PBXSourcesBuildPhase section */

/* Begin PBXVariantGroup section */
		2949A83B2B59FE800087FEF1 /* Main.storyboard */ = {
			isa = PBXVariantGroup;
			children = (
				2949A83C2B59FE800087FEF1 /* Base */,
			);
			name = Main.storyboard;
			sourceTree = "<group>";
		};
		2949A8402B59FE820087FEF1 /* LaunchScreen.storyboard */ = {
			isa = PBXVariantGroup;
			children = (
				2949A8412B59FE820087FEF1 /* Base */,
			);
			name = LaunchScreen.storyboard;
			sourceTree = "<group>";
		};
/* End PBXVariantGroup section */

/* Begin XCBuildConfiguration section */
		2949A8442B59FE820087FEF1 /* Debug */ = {
			isa = XCBuildConfiguration;
			buildSettings = {
				ALWAYS_SEARCH_USER_PATHS = NO;
				ASSETCATALOG_COMPILER_GENERATE_SWIFT_ASSET_SYMBOL_EXTENSIONS = YES;
				CLANG_ANALYZER_NONNULL = YES;
				CLANG_ANALYZER_NUMBER_OBJECT_CONVERSION = YES_AGGRESSIVE;
				CLANG_CXX_LANGUAGE_STANDARD = "gnu++20";
				CLANG_ENABLE_MODULES = YES;
				CLANG_ENABLE_OBJC_ARC = YES;
				CLANG_ENABLE_OBJC_WEAK = YES;
				CLANG_WARN_BLOCK_CAPTURE_AUTORELEASING = YES;
				CLANG_WARN_BOOL_CONVERSION = YES;
				CLANG_WARN_COMMA = YES;
				CLANG_WARN_CONSTANT_CONVERSION = YES;
				CLANG_WARN_DEPRECATED_OBJC_IMPLEMENTATIONS = YES;
				CLANG_WARN_DIRECT_OBJC_ISA_USAGE = YES_ERROR;
				CLANG_WARN_DOCUMENTATION_COMMENTS = YES;
				CLANG_WARN_EMPTY_BODY = YES;
				CLANG_WARN_ENUM_CONVERSION = YES;
				CLANG_WARN_INFINITE_RECURSION = YES;
				CLANG_WARN_INT_CONVERSION = YES;
				CLANG_WARN_NON_LITERAL_NULL_CONVERSION = YES;
				CLANG_WARN_OBJC_IMPLICIT_RETAIN_SELF = YES;
				CLANG_WARN_OBJC_LITERAL_CONVERSION = YES;
				CLANG_WARN_OBJC_ROOT_CLASS = YES_ERROR;
				CLANG_WARN_QUOTED_INCLUDE_IN_FRAMEWORK_HEADER = YES;
				CLANG_WARN_RANGE_LOOP_ANALYSIS = YES;
				CLANG_WARN_STRICT_PROTOTYPES = YES;
				CLANG_WARN_SUSPICIOUS_MOVE = YES;
				CLANG_WARN_UNGUARDED_AVAILABILITY = YES_AGGRESSIVE;
				CLANG_WARN_UNREACHABLE_CODE = YES;
				CLANG_WARN__DUPLICATE_METHOD_MATCH = YES;
				COPY_PHASE_STRIP = NO;
				DEBUG_INFORMATION_FORMAT = dwarf;
				ENABLE_STRICT_OBJC_MSGSEND = YES;
				ENABLE_TESTABILITY = YES;
				ENABLE_USER_SCRIPT_SANDBOXING = YES;
				GCC_C_LANGUAGE_STANDARD = gnu17;
				GCC_DYNAMIC_NO_PIC = NO;
				GCC_NO_COMMON_BLOCKS = YES;
				GCC_OPTIMIZATION_LEVEL = 0;
				GCC_PREPROCESSOR_DEFINITIONS = (
					"DEBUG=1",
					"$(inherited)",
				);
				GCC_WARN_64_TO_32_BIT_CONVERSION = YES;
				GCC_WARN_ABOUT_RETURN_TYPE = YES_ERROR;
				GCC_WARN_UNDECLARED_SELECTOR = YES;
				GCC_WARN_UNINITIALIZED_AUTOS = YES_AGGRESSIVE;
				GCC_WARN_UNUSED_FUNCTION = YES;
				GCC_WARN_UNUSED_VARIABLE = YES;
				IPHONEOS_DEPLOYMENT_TARGET = 17.2;
				LOCALIZATION_PREFERS_STRING_CATALOGS = YES;
				MTL_ENABLE_DEBUG_INFO = INCLUDE_SOURCE;
				MTL_FAST_MATH = YES;
				ONLY_ACTIVE_ARCH = YES;
				SDKROOT = iphoneos;
				SWIFT_ACTIVE_COMPILATION_CONDITIONS = "DEBUG $(inherited)";
				SWIFT_OPTIMIZATION_LEVEL = "-Onone";
			};
			name = Debug;
		};
		2949A8452B59FE820087FEF1 /* Release */ = {
			isa = XCBuildConfiguration;
			buildSettings = {
				ALWAYS_SEARCH_USER_PATHS = NO;
				ASSETCATALOG_COMPILER_GENERATE_SWIFT_ASSET_SYMBOL_EXTENSIONS = YES;
				CLANG_ANALYZER_NONNULL = YES;
				CLANG_ANALYZER_NUMBER_OBJECT_CONVERSION = YES_AGGRESSIVE;
				CLANG_CXX_LANGUAGE_STANDARD = "gnu++20";
				CLANG_ENABLE_MODULES = YES;
				CLANG_ENABLE_OBJC_ARC = YES;
				CLANG_ENABLE_OBJC_WEAK = YES;
				CLANG_WARN_BLOCK_CAPTURE_AUTORELEASING = YES;
				CLANG_WARN_BOOL_CONVERSION = YES;
				CLANG_WARN_COMMA = YES;
				CLANG_WARN_CONSTANT_CONVERSION = YES;
				CLANG_WARN_DEPRECATED_OBJC_IMPLEMENTATIONS = YES;
				CLANG_WARN_DIRECT_OBJC_ISA_USAGE = YES_ERROR;
				CLANG_WARN_DOCUMENTATION_COMMENTS = YES;
				CLANG_WARN_EMPTY_BODY = YES;
				CLANG_WARN_ENUM_CONVERSION = YES;
				CLANG_WARN_INFINITE_RECURSION = YES;
				CLANG_WARN_INT_CONVERSION = YES;
				CLANG_WARN_NON_LITERAL_NULL_CONVERSION = YES;
				CLANG_WARN_OBJC_IMPLICIT_RETAIN_SELF = YES;
				CLANG_WARN_OBJC_LITERAL_CONVERSION = YES;
				CLANG_WARN_OBJC_ROOT_CLASS = YES_ERROR;
				CLANG_WARN_QUOTED_INCLUDE_IN_FRAMEWORK_HEADER = YES;
				CLANG_WARN_RANGE_LOOP_ANALYSIS = YES;
				CLANG_WARN_STRICT_PROTOTYPES = YES;
				CLANG_WARN_SUSPICIOUS_MOVE = YES;
				CLANG_WARN_UNGUARDED_AVAILABILITY = YES_AGGRESSIVE;
				CLANG_WARN_UNREACHABLE_CODE = YES;
				CLANG_WARN__DUPLICATE_METHOD_MATCH = YES;
				COPY_PHASE_STRIP = NO;
				DEBUG_INFORMATION_FORMAT = "dwarf-with-dsym";
				ENABLE_NS_ASSERTIONS = NO;
				ENABLE_STRICT_OBJC_MSGSEND = YES;
				ENABLE_USER_SCRIPT_SANDBOXING = YES;
				GCC_C_LANGUAGE_STANDARD = gnu17;
				GCC_NO_COMMON_BLOCKS = YES;
				GCC_WARN_64_TO_32_BIT_CONVERSION = YES;
				GCC_WARN_ABOUT_RETURN_TYPE = YES_ERROR;
				GCC_WARN_UNDECLARED_SELECTOR = YES;
				GCC_WARN_UNINITIALIZED_AUTOS = YES_AGGRESSIVE;
				GCC_WARN_UNUSED_FUNCTION = YES;
				GCC_WARN_UNUSED_VARIABLE = YES;
				IPHONEOS_DEPLOYMENT_TARGET = 17.2;
				LOCALIZATION_PREFERS_STRING_CATALOGS = YES;
				MTL_ENABLE_DEBUG_INFO = NO;
				MTL_FAST_MATH = YES;
				SDKROOT = iphoneos;
				SWIFT_COMPILATION_MODE = wholemodule;
				VALIDATE_PRODUCT = YES;
			};
			name = Release;
		};
		2949A8472B59FE820087FEF1 /* Debug */ = {
			isa = XCBuildConfiguration;
			buildSettings = {
				ASSETCATALOG_COMPILER_APPICON_NAME = AppIcon;
				ASSETCATALOG_COMPILER_GLOBAL_ACCENT_COLOR_NAME = AccentColor;
				ASSETCATALOG_COMPILER_INCLUDE_ALL_APPICON_ASSETS = NO;
				CODE_SIGN_STYLE = Automatic;
				CURRENT_PROJECT_VERSION = 1;
				DEVELOPMENT_TEAM = 39W9F7Z53R;
				GENERATE_INFOPLIST_FILE = YES;
				INFOPLIST_FILE = MoviesApp/Info.plist;
				INFOPLIST_KEY_UIApplicationSupportsIndirectInputEvents = YES;
				INFOPLIST_KEY_UILaunchStoryboardName = LaunchScreen.storyboard;
				INFOPLIST_KEY_UIMainStoryboardFile = Main;
				INFOPLIST_KEY_UISupportedInterfaceOrientations_iPad = "UIInterfaceOrientationPortrait UIInterfaceOrientationPortraitUpsideDown UIInterfaceOrientationLandscapeLeft UIInterfaceOrientationLandscapeRight";
				INFOPLIST_KEY_UISupportedInterfaceOrientations_iPhone = "UIInterfaceOrientationPortrait UIInterfaceOrientationLandscapeLeft UIInterfaceOrientationLandscapeRight";
				IPHONEOS_DEPLOYMENT_TARGET = 17.2;
				LD_RUNPATH_SEARCH_PATHS = (
					"$(inherited)",
					"@executable_path/Frameworks",
				);
				MARKETING_VERSION = 1.0;
				PRODUCT_BUNDLE_IDENTIFIER = com.clase.MoviesApp;
				PRODUCT_NAME = "$(TARGET_NAME)";
				SWIFT_EMIT_LOC_STRINGS = YES;
				SWIFT_VERSION = 5.0;
				TARGETED_DEVICE_FAMILY = "1,2";
			};
			name = Debug;
		};
		2949A8482B59FE820087FEF1 /* Release */ = {
			isa = XCBuildConfiguration;
			buildSettings = {
				ASSETCATALOG_COMPILER_APPICON_NAME = AppIcon;
				ASSETCATALOG_COMPILER_GLOBAL_ACCENT_COLOR_NAME = AccentColor;
				ASSETCATALOG_COMPILER_INCLUDE_ALL_APPICON_ASSETS = NO;
				CODE_SIGN_STYLE = Automatic;
				CURRENT_PROJECT_VERSION = 1;
				DEVELOPMENT_TEAM = 39W9F7Z53R;
				GENERATE_INFOPLIST_FILE = YES;
				INFOPLIST_FILE = MoviesApp/Info.plist;
				INFOPLIST_KEY_UIApplicationSupportsIndirectInputEvents = YES;
				INFOPLIST_KEY_UILaunchStoryboardName = LaunchScreen.storyboard;
				INFOPLIST_KEY_UIMainStoryboardFile = Main;
				INFOPLIST_KEY_UISupportedInterfaceOrientations_iPad = "UIInterfaceOrientationPortrait UIInterfaceOrientationPortraitUpsideDown UIInterfaceOrientationLandscapeLeft UIInterfaceOrientationLandscapeRight";
				INFOPLIST_KEY_UISupportedInterfaceOrientations_iPhone = "UIInterfaceOrientationPortrait UIInterfaceOrientationLandscapeLeft UIInterfaceOrientationLandscapeRight";
				IPHONEOS_DEPLOYMENT_TARGET = 17.2;
				LD_RUNPATH_SEARCH_PATHS = (
					"$(inherited)",
					"@executable_path/Frameworks",
				);
				MARKETING_VERSION = 1.0;
				PRODUCT_BUNDLE_IDENTIFIER = com.clase.MoviesApp;
				PRODUCT_NAME = "$(TARGET_NAME)";
				SWIFT_EMIT_LOC_STRINGS = YES;
				SWIFT_VERSION = 5.0;
				TARGETED_DEVICE_FAMILY = "1,2";
			};
			name = Release;
		};
/* End XCBuildConfiguration section */

/* Begin XCConfigurationList section */
		2949A82D2B59FE800087FEF1 /* Build configuration list for PBXProject "MoviesApp" */ = {
			isa = XCConfigurationList;
			buildConfigurations = (
				2949A8442B59FE820087FEF1 /* Debug */,
				2949A8452B59FE820087FEF1 /* Release */,
			);
			defaultConfigurationIsVisible = 0;
			defaultConfigurationName = Release;
		};
		2949A8462B59FE820087FEF1 /* Build configuration list for PBXNativeTarget "MoviesApp" */ = {
			isa = XCConfigurationList;
			buildConfigurations = (
				2949A8472B59FE820087FEF1 /* Debug */,
				2949A8482B59FE820087FEF1 /* Release */,
			);
			defaultConfigurationIsVisible = 0;
			defaultConfigurationName = Release;
		};
/* End XCConfigurationList section */
	};
	rootObject = 2949A82A2B59FE800087FEF1 /* Project object */;
}
